
Microsoft Visual Studio Solution File, Format Version 12.00
# Visual Studio 15
VisualStudioVersion = 15.0.28010.2050
MinimumVisualStudioVersion = 10.0.40219.1
Project("{FAE04EC0-301F-11D3-BF4B-00C04F79EFBC}") = "BookDepository", "BookDepository\BookDepository.csproj", "{A8F951CD-2E9E-41A0-98C7-F690B2E42A01}"
EndProject
Global
	GlobalSection(SolutionConfigurationPlatforms) = preSolution
		Debug|Any CPU = Debug|Any CPU
		Release|Any CPU = Release|Any CPU
	EndGlobalSection
	GlobalSection(ProjectConfigurationPlatforms) = postSolution
		{A8F951CD-2E9E-41A0-98C7-F690B2E42A01}.Debug|Any CPU.ActiveCfg = Debug|Any CPU
		{A8F951CD-2E9E-41A0-98C7-F690B2E42A01}.Debug|Any CPU.Build.0 = Debug|Any CPU
		{A8F951CD-2E9E-41A0-98C7-F690B2E42A01}.Release|Any CPU.ActiveCfg = Release|Any CPU
		{A8F951CD-2E9E-41A0-98C7-F690B2E42A01}.Release|Any CPU.Build.0 = Release|Any CPU
	EndGlobalSection
	GlobalSection(SolutionProperties) = preSolution
		HideSolutionNode = FALSE
	EndGlobalSection
	GlobalSection(ExtensibilityGlobals) = postSolution
		SolutionGuid = {3089C9EA-A855-447F-80D6-48833D0D0007}
	EndGlobalSection
EndGlobal
